// !$*UTF8*$!
{
	archiveVersion = 1;
	classes = {
	};
	objectVersion = 56;
	objects = {

/* Begin PBXBuildFile section */
		04F442E92924713E002BBA13 /* CreatePostViewController.swift in Sources */ = {isa = PBXBuildFile; fileRef = 04F442E82924713E002BBA13 /* CreatePostViewController.swift */; };
		0DBAB1A3390DEF0F731A2F85 /* Pods_PathFinder_PathFinderUITests.framework in Frameworks */ = {isa = PBXBuildFile; fileRef = EF9D7D18F05D2CA5CE03BB0C /* Pods_PathFinder_PathFinderUITests.framework */; };
		224763992923FA4D00698DEB /* LoginViewController.swift in Sources */ = {isa = PBXBuildFile; fileRef = 224763982923FA4D00698DEB /* LoginViewController.swift */; };
		2247639B2923FA6400698DEB /* FeedViewController.swift in Sources */ = {isa = PBXBuildFile; fileRef = 2247639A2923FA6400698DEB /* FeedViewController.swift */; };
		2EA061441C6D0B06054B3D13 /* Pods_PathFinder.framework in Frameworks */ = {isa = PBXBuildFile; fileRef = A89CD66AFAFD168267B7E9D1 /* Pods_PathFinder.framework */; };
		4F3D8447293640CF00C5285E /* CommentCell.swift in Sources */ = {isa = PBXBuildFile; fileRef = 4F3D8446293640CF00C5285E /* CommentCell.swift */; };
		4FD3A300293F71C40052237D /* ProfileViewController.swift in Sources */ = {isa = PBXBuildFile; fileRef = 4FD3A2FF293F71C40052237D /* ProfileViewController.swift */; };
		4FD3A302293F72090052237D /* PreferencesViewController.swift in Sources */ = {isa = PBXBuildFile; fileRef = 4FD3A301293F72090052237D /* PreferencesViewController.swift */; };
		B6ACD336292D9BE100720D3D /* PostCell.swift in Sources */ = {isa = PBXBuildFile; fileRef = B6ACD335292D9BE100720D3D /* PostCell.swift */; };
		B6C895B1291DE4F90032691F /* AppDelegate.swift in Sources */ = {isa = PBXBuildFile; fileRef = B6C895B0291DE4F90032691F /* AppDelegate.swift */; };
		B6C895B3291DE4F90032691F /* SceneDelegate.swift in Sources */ = {isa = PBXBuildFile; fileRef = B6C895B2291DE4F90032691F /* SceneDelegate.swift */; };
		B6C895B8291DE4F90032691F /* Main.storyboard in Resources */ = {isa = PBXBuildFile; fileRef = B6C895B6291DE4F90032691F /* Main.storyboard */; };
		B6C895BA291DE4FA0032691F /* Assets.xcassets in Resources */ = {isa = PBXBuildFile; fileRef = B6C895B9291DE4FA0032691F /* Assets.xcassets */; };
		B6C895BD291DE4FA0032691F /* LaunchScreen.storyboard in Resources */ = {isa = PBXBuildFile; fileRef = B6C895BB291DE4FA0032691F /* LaunchScreen.storyboard */; };
		B6C895C8291DE4FA0032691F /* PathFinderTests.swift in Sources */ = {isa = PBXBuildFile; fileRef = B6C895C7291DE4FA0032691F /* PathFinderTests.swift */; };
		B6C895D2291DE4FA0032691F /* PathFinderUITests.swift in Sources */ = {isa = PBXBuildFile; fileRef = B6C895D1291DE4FA0032691F /* PathFinderUITests.swift */; };
		B6C895D4291DE4FA0032691F /* PathFinderUITestsLaunchTests.swift in Sources */ = {isa = PBXBuildFile; fileRef = B6C895D3291DE4FA0032691F /* PathFinderUITestsLaunchTests.swift */; };
		BF8B0B1A8047FA7A7D563EB4 /* Pods_PathFinderTests.framework in Frameworks */ = {isa = PBXBuildFile; fileRef = E9B4776C84D86D92129EB4C2 /* Pods_PathFinderTests.framework */; };
/* End PBXBuildFile section */

/* Begin PBXContainerItemProxy section */
		B6C895C4291DE4FA0032691F /* PBXContainerItemProxy */ = {
			isa = PBXContainerItemProxy;
			containerPortal = B6C895A5291DE4F90032691F /* Project object */;
			proxyType = 1;
			remoteGlobalIDString = B6C895AC291DE4F90032691F;
			remoteInfo = PathFinder;
		};
		B6C895CE291DE4FA0032691F /* PBXContainerItemProxy */ = {
			isa = PBXContainerItemProxy;
			containerPortal = B6C895A5291DE4F90032691F /* Project object */;
			proxyType = 1;
			remoteGlobalIDString = B6C895AC291DE4F90032691F;
			remoteInfo = PathFinder;
		};
/* End PBXContainerItemProxy section */

/* Begin PBXFileReference section */
		04F442E82924713E002BBA13 /* CreatePostViewController.swift */ = {isa = PBXFileReference; lastKnownFileType = sourcecode.swift; path = CreatePostViewController.swift; sourceTree = "<group>"; };
		1F36C6F4842045F99951B073 /* Pods-PathFinder.debug.xcconfig */ = {isa = PBXFileReference; includeInIndex = 1; lastKnownFileType = text.xcconfig; name = "Pods-PathFinder.debug.xcconfig"; path = "Target Support Files/Pods-PathFinder/Pods-PathFinder.debug.xcconfig"; sourceTree = "<group>"; };
		21E8D5EEA1C17A8A8D08966C /* Pods-PathFinder.release.xcconfig */ = {isa = PBXFileReference; includeInIndex = 1; lastKnownFileType = text.xcconfig; name = "Pods-PathFinder.release.xcconfig"; path = "Target Support Files/Pods-PathFinder/Pods-PathFinder.release.xcconfig"; sourceTree = "<group>"; };
		224763982923FA4D00698DEB /* LoginViewController.swift */ = {isa = PBXFileReference; lastKnownFileType = sourcecode.swift; path = LoginViewController.swift; sourceTree = "<group>"; };
		2247639A2923FA6400698DEB /* FeedViewController.swift */ = {isa = PBXFileReference; lastKnownFileType = sourcecode.swift; path = FeedViewController.swift; sourceTree = "<group>"; };
		3B822B422BEB0054954EF9CA /* Pods-PathFinder-PathFinderUITests.release.xcconfig */ = {isa = PBXFileReference; includeInIndex = 1; lastKnownFileType = text.xcconfig; name = "Pods-PathFinder-PathFinderUITests.release.xcconfig"; path = "Target Support Files/Pods-PathFinder-PathFinderUITests/Pods-PathFinder-PathFinderUITests.release.xcconfig"; sourceTree = "<group>"; };
		4F3D8446293640CF00C5285E /* CommentCell.swift */ = {isa = PBXFileReference; lastKnownFileType = sourcecode.swift; path = CommentCell.swift; sourceTree = "<group>"; };
		4FD3A2FF293F71C40052237D /* ProfileViewController.swift */ = {isa = PBXFileReference; lastKnownFileType = sourcecode.swift; path = ProfileViewController.swift; sourceTree = "<group>"; };
		4FD3A301293F72090052237D /* PreferencesViewController.swift */ = {isa = PBXFileReference; lastKnownFileType = sourcecode.swift; path = PreferencesViewController.swift; sourceTree = "<group>"; };
		91173A67C61C3710876C7665 /* Pods-PathFinderTests.release.xcconfig */ = {isa = PBXFileReference; includeInIndex = 1; lastKnownFileType = text.xcconfig; name = "Pods-PathFinderTests.release.xcconfig"; path = "Target Support Files/Pods-PathFinderTests/Pods-PathFinderTests.release.xcconfig"; sourceTree = "<group>"; };
		9A15B13FE08008EA722912F6 /* Pods-PathFinderTests.debug.xcconfig */ = {isa = PBXFileReference; includeInIndex = 1; lastKnownFileType = text.xcconfig; name = "Pods-PathFinderTests.debug.xcconfig"; path = "Target Support Files/Pods-PathFinderTests/Pods-PathFinderTests.debug.xcconfig"; sourceTree = "<group>"; };
		A89CD66AFAFD168267B7E9D1 /* Pods_PathFinder.framework */ = {isa = PBXFileReference; explicitFileType = wrapper.framework; includeInIndex = 0; path = Pods_PathFinder.framework; sourceTree = BUILT_PRODUCTS_DIR; };
		B6ACD335292D9BE100720D3D /* PostCell.swift */ = {isa = PBXFileReference; lastKnownFileType = sourcecode.swift; path = PostCell.swift; sourceTree = "<group>"; };
		B6C895AD291DE4F90032691F /* PathFinder.app */ = {isa = PBXFileReference; explicitFileType = wrapper.application; includeInIndex = 0; path = PathFinder.app; sourceTree = BUILT_PRODUCTS_DIR; };
		B6C895B0291DE4F90032691F /* AppDelegate.swift */ = {isa = PBXFileReference; lastKnownFileType = sourcecode.swift; path = AppDelegate.swift; sourceTree = "<group>"; };
		B6C895B2291DE4F90032691F /* SceneDelegate.swift */ = {isa = PBXFileReference; lastKnownFileType = sourcecode.swift; path = SceneDelegate.swift; sourceTree = "<group>"; };
		B6C895B7291DE4F90032691F /* Base */ = {isa = PBXFileReference; lastKnownFileType = file.storyboard; name = Base; path = Base.lproj/Main.storyboard; sourceTree = "<group>"; };
		B6C895B9291DE4FA0032691F /* Assets.xcassets */ = {isa = PBXFileReference; lastKnownFileType = folder.assetcatalog; path = Assets.xcassets; sourceTree = "<group>"; };
		B6C895BC291DE4FA0032691F /* Base */ = {isa = PBXFileReference; lastKnownFileType = file.storyboard; name = Base; path = Base.lproj/LaunchScreen.storyboard; sourceTree = "<group>"; };
		B6C895BE291DE4FA0032691F /* Info.plist */ = {isa = PBXFileReference; lastKnownFileType = text.plist.xml; path = Info.plist; sourceTree = "<group>"; };
		B6C895C3291DE4FA0032691F /* PathFinderTests.xctest */ = {isa = PBXFileReference; explicitFileType = wrapper.cfbundle; includeInIndex = 0; path = PathFinderTests.xctest; sourceTree = BUILT_PRODUCTS_DIR; };
		B6C895C7291DE4FA0032691F /* PathFinderTests.swift */ = {isa = PBXFileReference; lastKnownFileType = sourcecode.swift; path = PathFinderTests.swift; sourceTree = "<group>"; };
		B6C895CD291DE4FA0032691F /* PathFinderUITests.xctest */ = {isa = PBXFileReference; explicitFileType = wrapper.cfbundle; includeInIndex = 0; path = PathFinderUITests.xctest; sourceTree = BUILT_PRODUCTS_DIR; };
		B6C895D1291DE4FA0032691F /* PathFinderUITests.swift */ = {isa = PBXFileReference; lastKnownFileType = sourcecode.swift; path = PathFinderUITests.swift; sourceTree = "<group>"; };
		B6C895D3291DE4FA0032691F /* PathFinderUITestsLaunchTests.swift */ = {isa = PBXFileReference; lastKnownFileType = sourcecode.swift; path = PathFinderUITestsLaunchTests.swift; sourceTree = "<group>"; };
		E9B4776C84D86D92129EB4C2 /* Pods_PathFinderTests.framework */ = {isa = PBXFileReference; explicitFileType = wrapper.framework; includeInIndex = 0; path = Pods_PathFinderTests.framework; sourceTree = BUILT_PRODUCTS_DIR; };
		ECC1710E51736214DF77E64A /* Pods-PathFinder-PathFinderUITests.debug.xcconfig */ = {isa = PBXFileReference; includeInIndex = 1; lastKnownFileType = text.xcconfig; name = "Pods-PathFinder-PathFinderUITests.debug.xcconfig"; path = "Target Support Files/Pods-PathFinder-PathFinderUITests/Pods-PathFinder-PathFinderUITests.debug.xcconfig"; sourceTree = "<group>"; };
		EF9D7D18F05D2CA5CE03BB0C /* Pods_PathFinder_PathFinderUITests.framework */ = {isa = PBXFileReference; explicitFileType = wrapper.framework; includeInIndex = 0; path = Pods_PathFinder_PathFinderUITests.framework; sourceTree = BUILT_PRODUCTS_DIR; };
/* End PBXFileReference section */

/* Begin PBXFrameworksBuildPhase section */
		B6C895AA291DE4F90032691F /* Frameworks */ = {
			isa = PBXFrameworksBuildPhase;
			buildActionMask = 2147483647;
			files = (
				2EA061441C6D0B06054B3D13 /* Pods_PathFinder.framework in Frameworks */,
			);
			runOnlyForDeploymentPostprocessing = 0;
		};
		B6C895C0291DE4FA0032691F /* Frameworks */ = {
			isa = PBXFrameworksBuildPhase;
			buildActionMask = 2147483647;
			files = (
				BF8B0B1A8047FA7A7D563EB4 /* Pods_PathFinderTests.framework in Frameworks */,
			);
			runOnlyForDeploymentPostprocessing = 0;
		};
		B6C895CA291DE4FA0032691F /* Frameworks */ = {
			isa = PBXFrameworksBuildPhase;
			buildActionMask = 2147483647;
			files = (
				0DBAB1A3390DEF0F731A2F85 /* Pods_PathFinder_PathFinderUITests.framework in Frameworks */,
			);
			runOnlyForDeploymentPostprocessing = 0;
		};
/* End PBXFrameworksBuildPhase section */

/* Begin PBXGroup section */
		3A8E9DB08B3C7317662E64FB /* Frameworks */ = {
			isa = PBXGroup;
			children = (
				A89CD66AFAFD168267B7E9D1 /* Pods_PathFinder.framework */,
				EF9D7D18F05D2CA5CE03BB0C /* Pods_PathFinder_PathFinderUITests.framework */,
				E9B4776C84D86D92129EB4C2 /* Pods_PathFinderTests.framework */,
			);
			name = Frameworks;
			sourceTree = "<group>";
		};
		9876D23FB1275F44E8A5F2B2 /* Pods */ = {
			isa = PBXGroup;
			children = (
				1F36C6F4842045F99951B073 /* Pods-PathFinder.debug.xcconfig */,
				21E8D5EEA1C17A8A8D08966C /* Pods-PathFinder.release.xcconfig */,
				ECC1710E51736214DF77E64A /* Pods-PathFinder-PathFinderUITests.debug.xcconfig */,
				3B822B422BEB0054954EF9CA /* Pods-PathFinder-PathFinderUITests.release.xcconfig */,
				9A15B13FE08008EA722912F6 /* Pods-PathFinderTests.debug.xcconfig */,
				91173A67C61C3710876C7665 /* Pods-PathFinderTests.release.xcconfig */,
			);
			path = Pods;
			sourceTree = "<group>";
		};
		B6C895A4291DE4F90032691F = {
			isa = PBXGroup;
			children = (
				B6C895AF291DE4F90032691F /* PathFinder */,
				B6C895C6291DE4FA0032691F /* PathFinderTests */,
				B6C895D0291DE4FA0032691F /* PathFinderUITests */,
				B6C895AE291DE4F90032691F /* Products */,
				9876D23FB1275F44E8A5F2B2 /* Pods */,
				3A8E9DB08B3C7317662E64FB /* Frameworks */,
			);
			sourceTree = "<group>";
		};
		B6C895AE291DE4F90032691F /* Products */ = {
			isa = PBXGroup;
			children = (
				B6C895AD291DE4F90032691F /* PathFinder.app */,
				B6C895C3291DE4FA0032691F /* PathFinderTests.xctest */,
				B6C895CD291DE4FA0032691F /* PathFinderUITests.xctest */,
			);
			name = Products;
			sourceTree = "<group>";
		};
		B6C895AF291DE4F90032691F /* PathFinder */ = {
			isa = PBXGroup;
			children = (
				B6C895B0291DE4F90032691F /* AppDelegate.swift */,
				B6C895B2291DE4F90032691F /* SceneDelegate.swift */,
				B6C895B6291DE4F90032691F /* Main.storyboard */,
				B6ACD335292D9BE100720D3D /* PostCell.swift */,
				B6C895B9291DE4FA0032691F /* Assets.xcassets */,
				B6C895BB291DE4FA0032691F /* LaunchScreen.storyboard */,
				B6C895BE291DE4FA0032691F /* Info.plist */,
				224763982923FA4D00698DEB /* LoginViewController.swift */,
				2247639A2923FA6400698DEB /* FeedViewController.swift */,
				04F442E82924713E002BBA13 /* CreatePostViewController.swift */,
				4F3D8446293640CF00C5285E /* CommentCell.swift */,
				4FD3A2FF293F71C40052237D /* ProfileViewController.swift */,
				4FD3A301293F72090052237D /* PreferencesViewController.swift */,
			);
			path = PathFinder;
			sourceTree = "<group>";
		};
		B6C895C6291DE4FA0032691F /* PathFinderTests */ = {
			isa = PBXGroup;
			children = (
				B6C895C7291DE4FA0032691F /* PathFinderTests.swift */,
			);
			path = PathFinderTests;
			sourceTree = "<group>";
		};
		B6C895D0291DE4FA0032691F /* PathFinderUITests */ = {
			isa = PBXGroup;
			children = (
				B6C895D1291DE4FA0032691F /* PathFinderUITests.swift */,
				B6C895D3291DE4FA0032691F /* PathFinderUITestsLaunchTests.swift */,
			);
			path = PathFinderUITests;
			sourceTree = "<group>";
		};
/* End PBXGroup section */

/* Begin PBXNativeTarget section */
		B6C895AC291DE4F90032691F /* PathFinder */ = {
			isa = PBXNativeTarget;
			buildConfigurationList = B6C895D7291DE4FA0032691F /* Build configuration list for PBXNativeTarget "PathFinder" */;
			buildPhases = (
				0DBD824BAE2A5E830984EA0E /* [CP] Check Pods Manifest.lock */,
				B6C895A9291DE4F90032691F /* Sources */,
				B6C895AA291DE4F90032691F /* Frameworks */,
				B6C895AB291DE4F90032691F /* Resources */,
				2B3ABCB451506E8448A90A4B /* [CP] Embed Pods Frameworks */,
			);
			buildRules = (
			);
			dependencies = (
			);
			name = PathFinder;
			productName = PathFinder;
			productReference = B6C895AD291DE4F90032691F /* PathFinder.app */;
			productType = "com.apple.product-type.application";
		};
		B6C895C2291DE4FA0032691F /* PathFinderTests */ = {
			isa = PBXNativeTarget;
			buildConfigurationList = B6C895DA291DE4FA0032691F /* Build configuration list for PBXNativeTarget "PathFinderTests" */;
			buildPhases = (
				1974B7CC881B1FCBF08B48C1 /* [CP] Check Pods Manifest.lock */,
				B6C895BF291DE4FA0032691F /* Sources */,
				B6C895C0291DE4FA0032691F /* Frameworks */,
				B6C895C1291DE4FA0032691F /* Resources */,
			);
			buildRules = (
			);
			dependencies = (
				B6C895C5291DE4FA0032691F /* PBXTargetDependency */,
			);
			name = PathFinderTests;
			productName = PathFinderTests;
			productReference = B6C895C3291DE4FA0032691F /* PathFinderTests.xctest */;
			productType = "com.apple.product-type.bundle.unit-test";
		};
		B6C895CC291DE4FA0032691F /* PathFinderUITests */ = {
			isa = PBXNativeTarget;
			buildConfigurationList = B6C895DD291DE4FA0032691F /* Build configuration list for PBXNativeTarget "PathFinderUITests" */;
			buildPhases = (
				063022039F5E6E04B5D35F0A /* [CP] Check Pods Manifest.lock */,
				B6C895C9291DE4FA0032691F /* Sources */,
				B6C895CA291DE4FA0032691F /* Frameworks */,
				B6C895CB291DE4FA0032691F /* Resources */,
				E9ED6C4D60E45E07FE24F458 /* [CP] Embed Pods Frameworks */,
			);
			buildRules = (
			);
			dependencies = (
				B6C895CF291DE4FA0032691F /* PBXTargetDependency */,
			);
			name = PathFinderUITests;
			productName = PathFinderUITests;
			productReference = B6C895CD291DE4FA0032691F /* PathFinderUITests.xctest */;
			productType = "com.apple.product-type.bundle.ui-testing";
		};
/* End PBXNativeTarget section */

/* Begin PBXProject section */
		B6C895A5291DE4F90032691F /* Project object */ = {
			isa = PBXProject;
			attributes = {
				BuildIndependentTargetsInParallel = 1;
				LastSwiftUpdateCheck = 1410;
				LastUpgradeCheck = 1410;
				TargetAttributes = {
					B6C895AC291DE4F90032691F = {
						CreatedOnToolsVersion = 14.1;
					};
					B6C895C2291DE4FA0032691F = {
						CreatedOnToolsVersion = 14.1;
						TestTargetID = B6C895AC291DE4F90032691F;
					};
					B6C895CC291DE4FA0032691F = {
						CreatedOnToolsVersion = 14.1;
						TestTargetID = B6C895AC291DE4F90032691F;
					};
				};
			};
			buildConfigurationList = B6C895A8291DE4F90032691F /* Build configuration list for PBXProject "PathFinder" */;
			compatibilityVersion = "Xcode 14.0";
			developmentRegion = en;
			hasScannedForEncodings = 0;
			knownRegions = (
				en,
				Base,
			);
			mainGroup = B6C895A4291DE4F90032691F;
			productRefGroup = B6C895AE291DE4F90032691F /* Products */;
			projectDirPath = "";
			projectRoot = "";
			targets = (
				B6C895AC291DE4F90032691F /* PathFinder */,
				B6C895C2291DE4FA0032691F /* PathFinderTests */,
				B6C895CC291DE4FA0032691F /* PathFinderUITests */,
			);
		};
/* End PBXProject section */

/* Begin PBXResourcesBuildPhase section */
		B6C895AB291DE4F90032691F /* Resources */ = {
			isa = PBXResourcesBuildPhase;
			buildActionMask = 2147483647;
			files = (
				B6C895BD291DE4FA0032691F /* LaunchScreen.storyboard in Resources */,
				B6C895BA291DE4FA0032691F /* Assets.xcassets in Resources */,
				B6C895B8291DE4F90032691F /* Main.storyboard in Resources */,
			);
			runOnlyForDeploymentPostprocessing = 0;
		};
		B6C895C1291DE4FA0032691F /* Resources */ = {
			isa = PBXResourcesBuildPhase;
			buildActionMask = 2147483647;
			files = (
			);
			runOnlyForDeploymentPostprocessing = 0;
		};
		B6C895CB291DE4FA0032691F /* Resources */ = {
			isa = PBXResourcesBuildPhase;
			buildActionMask = 2147483647;
			files = (
			);
			runOnlyForDeploymentPostprocessing = 0;
		};
/* End PBXResourcesBuildPhase section */

/* Begin PBXShellScriptBuildPhase section */
		063022039F5E6E04B5D35F0A /* [CP] Check Pods Manifest.lock */ = {
			isa = PBXShellScriptBuildPhase;
			buildActionMask = 2147483647;
			files = (
			);
			inputFileListPaths = (
			);
			inputPaths = (
				"${PODS_PODFILE_DIR_PATH}/Podfile.lock",
				"${PODS_ROOT}/Manifest.lock",
			);
			name = "[CP] Check Pods Manifest.lock";
			outputFileListPaths = (
			);
			outputPaths = (
				"$(DERIVED_FILE_DIR)/Pods-PathFinder-PathFinderUITests-checkManifestLockResult.txt",
			);
			runOnlyForDeploymentPostprocessing = 0;
			shellPath = /bin/sh;
			shellScript = "diff \"${PODS_PODFILE_DIR_PATH}/Podfile.lock\" \"${PODS_ROOT}/Manifest.lock\" > /dev/null\nif [ $? != 0 ] ; then\n    # print error to STDERR\n    echo \"error: The sandbox is not in sync with the Podfile.lock. Run 'pod install' or update your CocoaPods installation.\" >&2\n    exit 1\nfi\n# This output is used by Xcode 'outputs' to avoid re-running this script phase.\necho \"SUCCESS\" > \"${SCRIPT_OUTPUT_FILE_0}\"\n";
			showEnvVarsInLog = 0;
		};
		0DBD824BAE2A5E830984EA0E /* [CP] Check Pods Manifest.lock */ = {
			isa = PBXShellScriptBuildPhase;
			buildActionMask = 2147483647;
			files = (
			);
			inputFileListPaths = (
			);
			inputPaths = (
				"${PODS_PODFILE_DIR_PATH}/Podfile.lock",
				"${PODS_ROOT}/Manifest.lock",
			);
			name = "[CP] Check Pods Manifest.lock";
			outputFileListPaths = (
			);
			outputPaths = (
				"$(DERIVED_FILE_DIR)/Pods-PathFinder-checkManifestLockResult.txt",
			);
			runOnlyForDeploymentPostprocessing = 0;
			shellPath = /bin/sh;
			shellScript = "diff \"${PODS_PODFILE_DIR_PATH}/Podfile.lock\" \"${PODS_ROOT}/Manifest.lock\" > /dev/null\nif [ $? != 0 ] ; then\n    # print error to STDERR\n    echo \"error: The sandbox is not in sync with the Podfile.lock. Run 'pod install' or update your CocoaPods installation.\" >&2\n    exit 1\nfi\n# This output is used by Xcode 'outputs' to avoid re-running this script phase.\necho \"SUCCESS\" > \"${SCRIPT_OUTPUT_FILE_0}\"\n";
			showEnvVarsInLog = 0;
		};
		1974B7CC881B1FCBF08B48C1 /* [CP] Check Pods Manifest.lock */ = {
			isa = PBXShellScriptBuildPhase;
			buildActionMask = 2147483647;
			files = (
			);
			inputFileListPaths = (
			);
			inputPaths = (
				"${PODS_PODFILE_DIR_PATH}/Podfile.lock",
				"${PODS_ROOT}/Manifest.lock",
			);
			name = "[CP] Check Pods Manifest.lock";
			outputFileListPaths = (
			);
			outputPaths = (
				"$(DERIVED_FILE_DIR)/Pods-PathFinderTests-checkManifestLockResult.txt",
			);
			runOnlyForDeploymentPostprocessing = 0;
			shellPath = /bin/sh;
			shellScript = "diff \"${PODS_PODFILE_DIR_PATH}/Podfile.lock\" \"${PODS_ROOT}/Manifest.lock\" > /dev/null\nif [ $? != 0 ] ; then\n    # print error to STDERR\n    echo \"error: The sandbox is not in sync with the Podfile.lock. Run 'pod install' or update your CocoaPods installation.\" >&2\n    exit 1\nfi\n# This output is used by Xcode 'outputs' to avoid re-running this script phase.\necho \"SUCCESS\" > \"${SCRIPT_OUTPUT_FILE_0}\"\n";
			showEnvVarsInLog = 0;
		};
		2B3ABCB451506E8448A90A4B /* [CP] Embed Pods Frameworks */ = {
			isa = PBXShellScriptBuildPhase;
			buildActionMask = 2147483647;
			files = (
			);
			inputFileListPaths = (
				"${PODS_ROOT}/Target Support Files/Pods-PathFinder/Pods-PathFinder-frameworks-${CONFIGURATION}-input-files.xcfilelist",
			);
			name = "[CP] Embed Pods Frameworks";
			outputFileListPaths = (
				"${PODS_ROOT}/Target Support Files/Pods-PathFinder/Pods-PathFinder-frameworks-${CONFIGURATION}-output-files.xcfilelist",
			);
			runOnlyForDeploymentPostprocessing = 0;
			shellPath = /bin/sh;
			shellScript = "\"${PODS_ROOT}/Target Support Files/Pods-PathFinder/Pods-PathFinder-frameworks.sh\"\n";
			showEnvVarsInLog = 0;
		};
		E9ED6C4D60E45E07FE24F458 /* [CP] Embed Pods Frameworks */ = {
			isa = PBXShellScriptBuildPhase;
			buildActionMask = 2147483647;
			files = (
			);
			inputFileListPaths = (
				"${PODS_ROOT}/Target Support Files/Pods-PathFinder-PathFinderUITests/Pods-PathFinder-PathFinderUITests-frameworks-${CONFIGURATION}-input-files.xcfilelist",
			);
			name = "[CP] Embed Pods Frameworks";
			outputFileListPaths = (
				"${PODS_ROOT}/Target Support Files/Pods-PathFinder-PathFinderUITests/Pods-PathFinder-PathFinderUITests-frameworks-${CONFIGURATION}-output-files.xcfilelist",
			);
			runOnlyForDeploymentPostprocessing = 0;
			shellPath = /bin/sh;
			shellScript = "\"${PODS_ROOT}/Target Support Files/Pods-PathFinder-PathFinderUITests/Pods-PathFinder-PathFinderUITests-frameworks.sh\"\n";
			showEnvVarsInLog = 0;
		};
/* End PBXShellScriptBuildPhase section */

/* Begin PBXSourcesBuildPhase section */
		B6C895A9291DE4F90032691F /* Sources */ = {
			isa = PBXSourcesBuildPhase;
			buildActionMask = 2147483647;
			files = (
				04F442E92924713E002BBA13 /* CreatePostViewController.swift in Sources */,
				224763992923FA4D00698DEB /* LoginViewController.swift in Sources */,
				4FD3A302293F72090052237D /* PreferencesViewController.swift in Sources */,
				B6C895B1291DE4F90032691F /* AppDelegate.swift in Sources */,
				2247639B2923FA6400698DEB /* FeedViewController.swift in Sources */,
				B6C895B3291DE4F90032691F /* SceneDelegate.swift in Sources */,
				B6ACD336292D9BE100720D3D /* PostCell.swift in Sources */,
				4FD3A300293F71C40052237D /* ProfileViewController.swift in Sources */,
				4F3D8447293640CF00C5285E /* CommentCell.swift in Sources */,
			);
			runOnlyForDeploymentPostprocessing = 0;
		};
		B6C895BF291DE4FA0032691F /* Sources */ = {
			isa = PBXSourcesBuildPhase;
			buildActionMask = 2147483647;
			files = (
				B6C895C8291DE4FA0032691F /* PathFinderTests.swift in Sources */,
			);
			runOnlyForDeploymentPostprocessing = 0;
		};
		B6C895C9291DE4FA0032691F /* Sources */ = {
			isa = PBXSourcesBuildPhase;
			buildActionMask = 2147483647;
			files = (
				B6C895D2291DE4FA0032691F /* PathFinderUITests.swift in Sources */,
				B6C895D4291DE4FA0032691F /* PathFinderUITestsLaunchTests.swift in Sources */,
			);
			runOnlyForDeploymentPostprocessing = 0;
		};
/* End PBXSourcesBuildPhase section */

/* Begin PBXTargetDependency section */
		B6C895C5291DE4FA0032691F /* PBXTargetDependency */ = {
			isa = PBXTargetDependency;
			target = B6C895AC291DE4F90032691F /* PathFinder */;
			targetProxy = B6C895C4291DE4FA0032691F /* PBXContainerItemProxy */;
		};
		B6C895CF291DE4FA0032691F /* PBXTargetDependency */ = {
			isa = PBXTargetDependency;
			target = B6C895AC291DE4F90032691F /* PathFinder */;
			targetProxy = B6C895CE291DE4FA0032691F /* PBXContainerItemProxy */;
		};
/* End PBXTargetDependency section */

/* Begin PBXVariantGroup section */
		B6C895B6291DE4F90032691F /* Main.storyboard */ = {
			isa = PBXVariantGroup;
			children = (
				B6C895B7291DE4F90032691F /* Base */,
			);
			name = Main.storyboard;
			sourceTree = "<group>";
		};
		B6C895BB291DE4FA0032691F /* LaunchScreen.storyboard */ = {
			isa = PBXVariantGroup;
			children = (
				B6C895BC291DE4FA0032691F /* Base */,
			);
			name = LaunchScreen.storyboard;
			sourceTree = "<group>";
		};
/* End PBXVariantGroup section */

/* Begin XCBuildConfiguration section */
		B6C895D5291DE4FA0032691F /* Debug */ = {
			isa = XCBuildConfiguration;
			buildSettings = {
				ALWAYS_SEARCH_USER_PATHS = NO;
				CLANG_ANALYZER_NONNULL = YES;
				CLANG_ANALYZER_NUMBER_OBJECT_CONVERSION = YES_AGGRESSIVE;
				CLANG_CXX_LANGUAGE_STANDARD = "gnu++20";
				CLANG_ENABLE_MODULES = YES;
				CLANG_ENABLE_OBJC_ARC = YES;
				CLANG_ENABLE_OBJC_WEAK = YES;
				CLANG_WARN_BLOCK_CAPTURE_AUTORELEASING = YES;
				CLANG_WARN_BOOL_CONVERSION = YES;
				CLANG_WARN_COMMA = YES;
				CLANG_WARN_CONSTANT_CONVERSION = YES;
				CLANG_WARN_DEPRECATED_OBJC_IMPLEMENTATIONS = YES;
				CLANG_WARN_DIRECT_OBJC_ISA_USAGE = YES_ERROR;
				CLANG_WARN_DOCUMENTATION_COMMENTS = YES;
				CLANG_WARN_EMPTY_BODY = YES;
				CLANG_WARN_ENUM_CONVERSION = YES;
				CLANG_WARN_INFINITE_RECURSION = YES;
				CLANG_WARN_INT_CONVERSION = YES;
				CLANG_WARN_NON_LITERAL_NULL_CONVERSION = YES;
				CLANG_WARN_OBJC_IMPLICIT_RETAIN_SELF = YES;
				CLANG_WARN_OBJC_LITERAL_CONVERSION = YES;
				CLANG_WARN_OBJC_ROOT_CLASS = YES_ERROR;
				CLANG_WARN_QUOTED_INCLUDE_IN_FRAMEWORK_HEADER = YES;
				CLANG_WARN_RANGE_LOOP_ANALYSIS = YES;
				CLANG_WARN_STRICT_PROTOTYPES = YES;
				CLANG_WARN_SUSPICIOUS_MOVE = YES;
				CLANG_WARN_UNGUARDED_AVAILABILITY = YES_AGGRESSIVE;
				CLANG_WARN_UNREACHABLE_CODE = YES;
				CLANG_WARN__DUPLICATE_METHOD_MATCH = YES;
				COPY_PHASE_STRIP = NO;
				DEBUG_INFORMATION_FORMAT = dwarf;
				ENABLE_STRICT_OBJC_MSGSEND = YES;
				ENABLE_TESTABILITY = YES;
				GCC_C_LANGUAGE_STANDARD = gnu11;
				GCC_DYNAMIC_NO_PIC = NO;
				GCC_NO_COMMON_BLOCKS = YES;
				GCC_OPTIMIZATION_LEVEL = 0;
				GCC_PREPROCESSOR_DEFINITIONS = (
					"DEBUG=1",
					"$(inherited)",
				);
				GCC_WARN_64_TO_32_BIT_CONVERSION = YES;
				GCC_WARN_ABOUT_RETURN_TYPE = YES_ERROR;
				GCC_WARN_UNDECLARED_SELECTOR = YES;
				GCC_WARN_UNINITIALIZED_AUTOS = YES_AGGRESSIVE;
				GCC_WARN_UNUSED_FUNCTION = YES;
				GCC_WARN_UNUSED_VARIABLE = YES;
				IPHONEOS_DEPLOYMENT_TARGET = 16.1;
				MTL_ENABLE_DEBUG_INFO = INCLUDE_SOURCE;
				MTL_FAST_MATH = YES;
				ONLY_ACTIVE_ARCH = YES;
				SDKROOT = iphoneos;
				SWIFT_ACTIVE_COMPILATION_CONDITIONS = DEBUG;
				SWIFT_OPTIMIZATION_LEVEL = "-Onone";
			};
			name = Debug;
		};
		B6C895D6291DE4FA0032691F /* Release */ = {
			isa = XCBuildConfiguration;
			buildSettings = {
				ALWAYS_SEARCH_USER_PATHS = NO;
				CLANG_ANALYZER_NONNULL = YES;
				CLANG_ANALYZER_NUMBER_OBJECT_CONVERSION = YES_AGGRESSIVE;
				CLANG_CXX_LANGUAGE_STANDARD = "gnu++20";
				CLANG_ENABLE_MODULES = YES;
				CLANG_ENABLE_OBJC_ARC = YES;
				CLANG_ENABLE_OBJC_WEAK = YES;
				CLANG_WARN_BLOCK_CAPTURE_AUTORELEASING = YES;
				CLANG_WARN_BOOL_CONVERSION = YES;
				CLANG_WARN_COMMA = YES;
				CLANG_WARN_CONSTANT_CONVERSION = YES;
				CLANG_WARN_DEPRECATED_OBJC_IMPLEMENTATIONS = YES;
				CLANG_WARN_DIRECT_OBJC_ISA_USAGE = YES_ERROR;
				CLANG_WARN_DOCUMENTATION_COMMENTS = YES;
				CLANG_WARN_EMPTY_BODY = YES;
				CLANG_WARN_ENUM_CONVERSION = YES;
				CLANG_WARN_INFINITE_RECURSION = YES;
				CLANG_WARN_INT_CONVERSION = YES;
				CLANG_WARN_NON_LITERAL_NULL_CONVERSION = YES;
				CLANG_WARN_OBJC_IMPLICIT_RETAIN_SELF = YES;
				CLANG_WARN_OBJC_LITERAL_CONVERSION = YES;
				CLANG_WARN_OBJC_ROOT_CLASS = YES_ERROR;
				CLANG_WARN_QUOTED_INCLUDE_IN_FRAMEWORK_HEADER = YES;
				CLANG_WARN_RANGE_LOOP_ANALYSIS = YES;
				CLANG_WARN_STRICT_PROTOTYPES = YES;
				CLANG_WARN_SUSPICIOUS_MOVE = YES;
				CLANG_WARN_UNGUARDED_AVAILABILITY = YES_AGGRESSIVE;
				CLANG_WARN_UNREACHABLE_CODE = YES;
				CLANG_WARN__DUPLICATE_METHOD_MATCH = YES;
				COPY_PHASE_STRIP = NO;
				DEBUG_INFORMATION_FORMAT = "dwarf-with-dsym";
				ENABLE_NS_ASSERTIONS = NO;
				ENABLE_STRICT_OBJC_MSGSEND = YES;
				GCC_C_LANGUAGE_STANDARD = gnu11;
				GCC_NO_COMMON_BLOCKS = YES;
				GCC_WARN_64_TO_32_BIT_CONVERSION = YES;
				GCC_WARN_ABOUT_RETURN_TYPE = YES_ERROR;
				GCC_WARN_UNDECLARED_SELECTOR = YES;
				GCC_WARN_UNINITIALIZED_AUTOS = YES_AGGRESSIVE;
				GCC_WARN_UNUSED_FUNCTION = YES;
				GCC_WARN_UNUSED_VARIABLE = YES;
				IPHONEOS_DEPLOYMENT_TARGET = 16.1;
				MTL_ENABLE_DEBUG_INFO = NO;
				MTL_FAST_MATH = YES;
				SDKROOT = iphoneos;
				SWIFT_COMPILATION_MODE = wholemodule;
				SWIFT_OPTIMIZATION_LEVEL = "-O";
				VALIDATE_PRODUCT = YES;
			};
			name = Release;
		};
		B6C895D8291DE4FA0032691F /* Debug */ = {
			isa = XCBuildConfiguration;
			baseConfigurationReference = 1F36C6F4842045F99951B073 /* Pods-PathFinder.debug.xcconfig */;
			buildSettings = {
				ASSETCATALOG_COMPILER_APPICON_NAME = AppIcon;
				ASSETCATALOG_COMPILER_GLOBAL_ACCENT_COLOR_NAME = AccentColor;
				CODE_SIGN_STYLE = Automatic;
				CURRENT_PROJECT_VERSION = 1;
				DEVELOPMENT_TEAM = 22L7UKWD5W;
				GENERATE_INFOPLIST_FILE = YES;
				INFOPLIST_FILE = PathFinder/Info.plist;
				INFOPLIST_KEY_UIApplicationSupportsIndirectInputEvents = YES;
				INFOPLIST_KEY_UILaunchStoryboardName = LaunchScreen;
				INFOPLIST_KEY_UIMainStoryboardFile = Main;
				INFOPLIST_KEY_UISupportedInterfaceOrientations_iPad = "UIInterfaceOrientationPortrait UIInterfaceOrientationPortraitUpsideDown UIInterfaceOrientationLandscapeLeft UIInterfaceOrientationLandscapeRight";
				INFOPLIST_KEY_UISupportedInterfaceOrientations_iPhone = "UIInterfaceOrientationPortrait UIInterfaceOrientationLandscapeLeft UIInterfaceOrientationLandscapeRight";
				LD_RUNPATH_SEARCH_PATHS = (
					"$(inherited)",
					"@executable_path/Frameworks",
				);
				MARKETING_VERSION = 1.0;
				PRODUCT_BUNDLE_IDENTIFIER = com.RobertFarrell.PathFinder;
				PRODUCT_NAME = "$(TARGET_NAME)";
				SWIFT_EMIT_LOC_STRINGS = YES;
				SWIFT_VERSION = 5.0;
				TARGETED_DEVICE_FAMILY = "1,2";
			};
			name = Debug;
		};
		B6C895D9291DE4FA0032691F /* Release */ = {
			isa = XCBuildConfiguration;
			baseConfigurationReference = 21E8D5EEA1C17A8A8D08966C /* Pods-PathFinder.release.xcconfig */;
			buildSettings = {
				ASSETCATALOG_COMPILER_APPICON_NAME = AppIcon;
				ASSETCATALOG_COMPILER_GLOBAL_ACCENT_COLOR_NAME = AccentColor;
				CODE_SIGN_STYLE = Automatic;
				CURRENT_PROJECT_VERSION = 1;
				DEVELOPMENT_TEAM = 22L7UKWD5W;
				GENERATE_INFOPLIST_FILE = YES;
				INFOPLIST_FILE = PathFinder/Info.plist;
				INFOPLIST_KEY_UIApplicationSupportsIndirectInputEvents = YES;
				INFOPLIST_KEY_UILaunchStoryboardName = LaunchScreen;
				INFOPLIST_KEY_UIMainStoryboardFile = Main;
				INFOPLIST_KEY_UISupportedInterfaceOrientations_iPad = "UIInterfaceOrientationPortrait UIInterfaceOrientationPortraitUpsideDown UIInterfaceOrientationLandscapeLeft UIInterfaceOrientationLandscapeRight";
				INFOPLIST_KEY_UISupportedInterfaceOrientations_iPhone = "UIInterfaceOrientationPortrait UIInterfaceOrientationLandscapeLeft UIInterfaceOrientationLandscapeRight";
				LD_RUNPATH_SEARCH_PATHS = (
					"$(inherited)",
					"@executable_path/Frameworks",
				);
				MARKETING_VERSION = 1.0;
				PRODUCT_BUNDLE_IDENTIFIER = com.RobertFarrell.PathFinder;
				PRODUCT_NAME = "$(TARGET_NAME)";
				SWIFT_EMIT_LOC_STRINGS = YES;
				SWIFT_VERSION = 5.0;
				TARGETED_DEVICE_FAMILY = "1,2";
			};
			name = Release;
		};
		B6C895DB291DE4FA0032691F /* Debug */ = {
			isa = XCBuildConfiguration;
			baseConfigurationReference = 9A15B13FE08008EA722912F6 /* Pods-PathFinderTests.debug.xcconfig */;
			buildSettings = {
				ALWAYS_EMBED_SWIFT_STANDARD_LIBRARIES = YES;
				BUNDLE_LOADER = "$(TEST_HOST)";
				CODE_SIGN_STYLE = Automatic;
				CURRENT_PROJECT_VERSION = 1;
				DEVELOPMENT_TEAM = 22L7UKWD5W;
				GENERATE_INFOPLIST_FILE = YES;
				IPHONEOS_DEPLOYMENT_TARGET = 16.1;
				MARKETING_VERSION = 1.0;
				PRODUCT_BUNDLE_IDENTIFIER = com.RobertFarrell.PathFinderTests;
				PRODUCT_NAME = "$(TARGET_NAME)";
				SWIFT_EMIT_LOC_STRINGS = NO;
				SWIFT_VERSION = 5.0;
				TARGETED_DEVICE_FAMILY = "1,2";
				TEST_HOST = "$(BUILT_PRODUCTS_DIR)/PathFinder.app/$(BUNDLE_EXECUTABLE_FOLDER_PATH)/PathFinder";
			};
			name = Debug;
		};
		B6C895DC291DE4FA0032691F /* Release */ = {
			isa = XCBuildConfiguration;
			baseConfigurationReference = 91173A67C61C3710876C7665 /* Pods-PathFinderTests.release.xcconfig */;
			buildSettings = {
				ALWAYS_EMBED_SWIFT_STANDARD_LIBRARIES = YES;
				BUNDLE_LOADER = "$(TEST_HOST)";
				CODE_SIGN_STYLE = Automatic;
				CURRENT_PROJECT_VERSION = 1;
				DEVELOPMENT_TEAM = 22L7UKWD5W;
				GENERATE_INFOPLIST_FILE = YES;
				IPHONEOS_DEPLOYMENT_TARGET = 16.1;
				MARKETING_VERSION = 1.0;
				PRODUCT_BUNDLE_IDENTIFIER = com.RobertFarrell.PathFinderTests;
				PRODUCT_NAME = "$(TARGET_NAME)";
				SWIFT_EMIT_LOC_STRINGS = NO;
				SWIFT_VERSION = 5.0;
				TARGETED_DEVICE_FAMILY = "1,2";
				TEST_HOST = "$(BUILT_PRODUCTS_DIR)/PathFinder.app/$(BUNDLE_EXECUTABLE_FOLDER_PATH)/PathFinder";
			};
			name = Release;
		};
		B6C895DE291DE4FA0032691F /* Debug */ = {
			isa = XCBuildConfiguration;
			baseConfigurationReference = ECC1710E51736214DF77E64A /* Pods-PathFinder-PathFinderUITests.debug.xcconfig */;
			buildSettings = {
				ALWAYS_EMBED_SWIFT_STANDARD_LIBRARIES = YES;
				CODE_SIGN_STYLE = Automatic;
				CURRENT_PROJECT_VERSION = 1;
				DEVELOPMENT_TEAM = 22L7UKWD5W;
				GENERATE_INFOPLIST_FILE = YES;
				MARKETING_VERSION = 1.0;
				PRODUCT_BUNDLE_IDENTIFIER = com.RobertFarrell.PathFinderUITests;
				PRODUCT_NAME = "$(TARGET_NAME)";
				SWIFT_EMIT_LOC_STRINGS = NO;
				SWIFT_VERSION = 5.0;
				TARGETED_DEVICE_FAMILY = "1,2";
				TEST_TARGET_NAME = PathFinder;
			};
			name = Debug;
		};
		B6C895DF291DE4FA0032691F /* Release */ = {
			isa = XCBuildConfiguration;
			baseConfigurationReference = 3B822B422BEB0054954EF9CA /* Pods-PathFinder-PathFinderUITests.release.xcconfig */;
			buildSettings = {
				ALWAYS_EMBED_SWIFT_STANDARD_LIBRARIES = YES;
				CODE_SIGN_STYLE = Automatic;
				CURRENT_PROJECT_VERSION = 1;
				DEVELOPMENT_TEAM = 22L7UKWD5W;
				GENERATE_INFOPLIST_FILE = YES;
				MARKETING_VERSION = 1.0;
				PRODUCT_BUNDLE_IDENTIFIER = com.RobertFarrell.PathFinderUITests;
				PRODUCT_NAME = "$(TARGET_NAME)";
				SWIFT_EMIT_LOC_STRINGS = NO;
				SWIFT_VERSION = 5.0;
				TARGETED_DEVICE_FAMILY = "1,2";
				TEST_TARGET_NAME = PathFinder;
			};
			name = Release;
		};
/* End XCBuildConfiguration section */

/* Begin XCConfigurationList section */
		B6C895A8291DE4F90032691F /* Build configuration list for PBXProject "PathFinder" */ = {
			isa = XCConfigurationList;
			buildConfigurations = (
				B6C895D5291DE4FA0032691F /* Debug */,
				B6C895D6291DE4FA0032691F /* Release */,
			);
			defaultConfigurationIsVisible = 0;
			defaultConfigurationName = Release;
		};
		B6C895D7291DE4FA0032691F /* Build configuration list for PBXNativeTarget "PathFinder" */ = {
			isa = XCConfigurationList;
			buildConfigurations = (
				B6C895D8291DE4FA0032691F /* Debug */,
				B6C895D9291DE4FA0032691F /* Release */,
			);
			defaultConfigurationIsVisible = 0;
			defaultConfigurationName = Release;
		};
		B6C895DA291DE4FA0032691F /* Build configuration list for PBXNativeTarget "PathFinderTests" */ = {
			isa = XCConfigurationList;
			buildConfigurations = (
				B6C895DB291DE4FA0032691F /* Debug */,
				B6C895DC291DE4FA0032691F /* Release */,
			);
			defaultConfigurationIsVisible = 0;
			defaultConfigurationName = Release;
		};
		B6C895DD291DE4FA0032691F /* Build configuration list for PBXNativeTarget "PathFinderUITests" */ = {
			isa = XCConfigurationList;
			buildConfigurations = (
				B6C895DE291DE4FA0032691F /* Debug */,
				B6C895DF291DE4FA0032691F /* Release */,
			);
			defaultConfigurationIsVisible = 0;
			defaultConfigurationName = Release;
		};
/* End XCConfigurationList section */
	};
	rootObject = B6C895A5291DE4F90032691F /* Project object */;
}
